
Microsoft Visual Studio Solution File, Format Version 12.00
# Visual Studio Version 17
VisualStudioVersion = 17.4.33213.308
MinimumVisualStudioVersion = 10.0.40219.1
Project("{FAE04EC0-301F-11D3-BF4B-00C04F79EFBC}") = "ProgrammingApplication", "ProgrammingApplication\ProgrammingApplication.csproj", "{9EAB5FC2-66F9-45FB-83C1-C90D3CFA4CC1}"
EndProject
Global
	GlobalSection(SolutionConfigurationPlatforms) = preSolution
		Debug|Any CPU = Debug|Any CPU
		Release|Any CPU = Release|Any CPU
	EndGlobalSection
	GlobalSection(ProjectConfigurationPlatforms) = postSolution
		{9EAB5FC2-66F9-45FB-83C1-C90D3CFA4CC1}.Debug|Any CPU.ActiveCfg = Debug|Any CPU
		{9EAB5FC2-66F9-45FB-83C1-C90D3CFA4CC1}.Debug|Any CPU.Build.0 = Debug|Any CPU
		{9EAB5FC2-66F9-45FB-83C1-C90D3CFA4CC1}.Release|Any CPU.ActiveCfg = Release|Any CPU
		{9EAB5FC2-66F9-45FB-83C1-C90D3CFA4CC1}.Release|Any CPU.Build.0 = Release|Any CPU
	EndGlobalSection
	GlobalSection(SolutionProperties) = preSolution
		HideSolutionNode = FALSE
	EndGlobalSection
	GlobalSection(ExtensibilityGlobals) = postSolution
		SolutionGuid = {ECA1D663-9ABC-4061-AE9F-C8588E8649F5}
	EndGlobalSection
EndGlobal
